schema: '2.0'
stages:
  load_data:
    cmd: python src/stage02_load_data.py --config=params.yaml
    deps:
    - path: data_given/adult.csv
      hash: md5
      md5: 11cc9deab31f851601ac0807e5d10324
      size: 3844210
    - path: src/stage01_get_data.py
      hash: md5
      md5: e2cc946a5e4772f979a8f063d8541fb3
      size: 1373
    - path: src/stage02_load_data.py
      hash: md5
      md5: 559274de19126c888e9442d16f1bebd0
      size: 1015
    outs:
    - path: data/raw/adult.csv
      hash: md5
      md5: 11cc9deab31f851601ac0807e5d10324
      size: 3844210
  preprocessing:
    cmd: python src/stage03_preprocessing.py --config=params.yaml
    deps:
    - path: data/raw/adult.csv
      hash: md5
      md5: 11cc9deab31f851601ac0807e5d10324
      size: 3844210
    - path: src/stage03_preprocessing.py
      hash: md5
      md5: 3f6823fa2e93ae26eee5c4af05e4f0e9
      size: 2399
    outs:
    - path: data/processed/adult_processed.csv
      hash: md5
      md5: 83b51e6699dd43b931363b126bada4a2
      size: 3368360
  feature_engineering:
    cmd: python src/stage04_feature_engineering.py --config=params.yaml
    deps:
    - path: data/processed/adult_processed.csv
      hash: md5
      md5: 83b51e6699dd43b931363b126bada4a2
      size: 3368360
    - path: src/stage04_feature_engineering.py
      hash: md5
      md5: 0a875d7dd6af5a24bd0504f477d05621
      size: 1704
    outs:
    - path: data/transformed/adult_transformed.csv
      hash: md5
      md5: 63076fa579ce5a67bd13bc2a8c4d48bd
      size: 1093179
